
Microsoft Visual Studio Solution File, Format Version 12.00
# Visual Studio Version 17
VisualStudioVersion = 17.0.31903.59
MinimumVisualStudioVersion = 10.0.40219.1
Project("{FAE04EC0-301F-11D3-BF4B-00C04F79EFBC}") = "TeknikServis.Api", "TeknikServis.Api\TeknikServis.Api.csproj", "{EE0721CE-415F-4655-BBA2-365B342242E6}"
EndProject
Project("{FAE04EC0-301F-11D3-BF4B-00C04F79EFBC}") = "TeknikServis.Application", "TeknikServis.Application\TeknikServis.Application.csproj", "{DA8C10C0-F050-43BD-B6AD-B7EE7EE7C13A}"
EndProject
Project("{FAE04EC0-301F-11D3-BF4B-00C04F79EFBC}") = "TeknikServis.Infrastructure", "TeknikServis.Infrastructure\TeknikServis.Infrastructure.csproj", "{31596933-FAAB-4240-A053-1D4D7CFCCA6A}"
EndProject
Project("{FAE04EC0-301F-11D3-BF4B-00C04F79EFBC}") = "TeknikServis.Tests", "TeknikServis.Tests\TeknikServis.Tests.csproj", "{3C90065F-60AE-496F-A5DD-0793F8FF83FB}"
EndProject
Global
	GlobalSection(SolutionConfigurationPlatforms) = preSolution
		Debug|Any CPU = Debug|Any CPU
		Debug|x64 = Debug|x64
		Debug|x86 = Debug|x86
		Release|Any CPU = Release|Any CPU
		Release|x64 = Release|x64
		Release|x86 = Release|x86
	EndGlobalSection
	GlobalSection(ProjectConfigurationPlatforms) = postSolution
		{EE0721CE-415F-4655-BBA2-365B342242E6}.Debug|Any CPU.ActiveCfg = Debug|Any CPU
		{EE0721CE-415F-4655-BBA2-365B342242E6}.Debug|Any CPU.Build.0 = Debug|Any CPU
		{EE0721CE-415F-4655-BBA2-365B342242E6}.Debug|x64.ActiveCfg = Debug|Any CPU
		{EE0721CE-415F-4655-BBA2-365B342242E6}.Debug|x64.Build.0 = Debug|Any CPU
		{EE0721CE-415F-4655-BBA2-365B342242E6}.Debug|x86.ActiveCfg = Debug|Any CPU
		{EE0721CE-415F-4655-BBA2-365B342242E6}.Debug|x86.Build.0 = Debug|Any CPU
		{EE0721CE-415F-4655-BBA2-365B342242E6}.Release|Any CPU.ActiveCfg = Release|Any CPU
		{EE0721CE-415F-4655-BBA2-365B342242E6}.Release|Any CPU.Build.0 = Release|Any CPU
		{EE0721CE-415F-4655-BBA2-365B342242E6}.Release|x64.ActiveCfg = Release|Any CPU
		{EE0721CE-415F-4655-BBA2-365B342242E6}.Release|x64.Build.0 = Release|Any CPU
		{EE0721CE-415F-4655-BBA2-365B342242E6}.Release|x86.ActiveCfg = Release|Any CPU
		{EE0721CE-415F-4655-BBA2-365B342242E6}.Release|x86.Build.0 = Release|Any CPU
		{DA8C10C0-F050-43BD-B6AD-B7EE7EE7C13A}.Debug|Any CPU.ActiveCfg = Debug|Any CPU
		{DA8C10C0-F050-43BD-B6AD-B7EE7EE7C13A}.Debug|Any CPU.Build.0 = Debug|Any CPU
		{DA8C10C0-F050-43BD-B6AD-B7EE7EE7C13A}.Debug|x64.ActiveCfg = Debug|Any CPU
		{DA8C10C0-F050-43BD-B6AD-B7EE7EE7C13A}.Debug|x64.Build.0 = Debug|Any CPU
		{DA8C10C0-F050-43BD-B6AD-B7EE7EE7C13A}.Debug|x86.ActiveCfg = Debug|Any CPU
		{DA8C10C0-F050-43BD-B6AD-B7EE7EE7C13A}.Debug|x86.Build.0 = Debug|Any CPU
		{DA8C10C0-F050-43BD-B6AD-B7EE7EE7C13A}.Release|Any CPU.ActiveCfg = Release|Any CPU
		{DA8C10C0-F050-43BD-B6AD-B7EE7EE7C13A}.Release|Any CPU.Build.0 = Release|Any CPU
		{DA8C10C0-F050-43BD-B6AD-B7EE7EE7C13A}.Release|x64.ActiveCfg = Release|Any CPU
		{DA8C10C0-F050-43BD-B6AD-B7EE7EE7C13A}.Release|x64.Build.0 = Release|Any CPU
		{DA8C10C0-F050-43BD-B6AD-B7EE7EE7C13A}.Release|x86.ActiveCfg = Release|Any CPU
		{DA8C10C0-F050-43BD-B6AD-B7EE7EE7C13A}.Release|x86.Build.0 = Release|Any CPU
		{31596933-FAAB-4240-A053-1D4D7CFCCA6A}.Debug|Any CPU.ActiveCfg = Debug|Any CPU
		{31596933-FAAB-4240-A053-1D4D7CFCCA6A}.Debug|Any CPU.Build.0 = Debug|Any CPU
		{31596933-FAAB-4240-A053-1D4D7CFCCA6A}.Debug|x64.ActiveCfg = Debug|Any CPU
		{31596933-FAAB-4240-A053-1D4D7CFCCA6A}.Debug|x64.Build.0 = Debug|Any CPU
		{31596933-FAAB-4240-A053-1D4D7CFCCA6A}.Debug|x86.ActiveCfg = Debug|Any CPU
		{31596933-FAAB-4240-A053-1D4D7CFCCA6A}.Debug|x86.Build.0 = Debug|Any CPU
		{31596933-FAAB-4240-A053-1D4D7CFCCA6A}.Release|Any CPU.ActiveCfg = Release|Any CPU
		{31596933-FAAB-4240-A053-1D4D7CFCCA6A}.Release|Any CPU.Build.0 = Release|Any CPU
		{31596933-FAAB-4240-A053-1D4D7CFCCA6A}.Release|x64.ActiveCfg = Release|Any CPU
		{31596933-FAAB-4240-A053-1D4D7CFCCA6A}.Release|x64.Build.0 = Release|Any CPU
		{31596933-FAAB-4240-A053-1D4D7CFCCA6A}.Release|x86.ActiveCfg = Release|Any CPU
		{31596933-FAAB-4240-A053-1D4D7CFCCA6A}.Release|x86.Build.0 = Release|Any CPU
		{3C90065F-60AE-496F-A5DD-0793F8FF83FB}.Debug|Any CPU.ActiveCfg = Debug|Any CPU
		{3C90065F-60AE-496F-A5DD-0793F8FF83FB}.Debug|Any CPU.Build.0 = Debug|Any CPU
		{3C90065F-60AE-496F-A5DD-0793F8FF83FB}.Debug|x64.ActiveCfg = Debug|Any CPU
		{3C90065F-60AE-496F-A5DD-0793F8FF83FB}.Debug|x64.Build.0 = Debug|Any CPU
		{3C90065F-60AE-496F-A5DD-0793F8FF83FB}.Debug|x86.ActiveCfg = Debug|Any CPU
		{3C90065F-60AE-496F-A5DD-0793F8FF83FB}.Debug|x86.Build.0 = Debug|Any CPU
		{3C90065F-60AE-496F-A5DD-0793F8FF83FB}.Release|Any CPU.ActiveCfg = Release|Any CPU
		{3C90065F-60AE-496F-A5DD-0793F8FF83FB}.Release|Any CPU.Build.0 = Release|Any CPU
		{3C90065F-60AE-496F-A5DD-0793F8FF83FB}.Release|x64.ActiveCfg = Release|Any CPU
		{3C90065F-60AE-496F-A5DD-0793F8FF83FB}.Release|x64.Build.0 = Release|Any CPU
		{3C90065F-60AE-496F-A5DD-0793F8FF83FB}.Release|x86.ActiveCfg = Release|Any CPU
		{3C90065F-60AE-496F-A5DD-0793F8FF83FB}.Release|x86.Build.0 = Release|Any CPU
	EndGlobalSection
	GlobalSection(SolutionProperties) = preSolution
		HideSolutionNode = FALSE
	EndGlobalSection
EndGlobal
